
Microsoft Visual Studio Solution File, Format Version 12.00
# Visual Studio Version 16
VisualStudioVersion = 16.0.31129.286
MinimumVisualStudioVersion = 10.0.40219.1
Project("{8BC9CEB8-8B4A-11D0-8D11-00A0C91BC942}") = "GameHacking_Challenge", "GameHacking_Challenge\GameHacking_Challenge.vcxproj", "{C1242EAA-F056-4D0D-82B4-8DAFF4018108}"
EndProject
Project("{8BC9CEB8-8B4A-11D0-8D11-00A0C91BC942}") = "Binder", "Binder\Binder.vcxproj", "{F399D0EF-5DED-47CF-B836-9BA5645BD1D5}"
EndProject
Global
	GlobalSection(SolutionConfigurationPlatforms) = preSolution
		Debug|x64 = Debug|x64
		Debug|x86 = Debug|x86
		Release|x64 = Release|x64
		Release|x86 = Release|x86
	EndGlobalSection
	GlobalSection(ProjectConfigurationPlatforms) = postSolution
		{C1242EAA-F056-4D0D-82B4-8DAFF4018108}.Debug|x64.ActiveCfg = Debug|x64
		{C1242EAA-F056-4D0D-82B4-8DAFF4018108}.Debug|x64.Build.0 = Debug|x64
		{C1242EAA-F056-4D0D-82B4-8DAFF4018108}.Debug|x86.ActiveCfg = Debug|Win32
		{C1242EAA-F056-4D0D-82B4-8DAFF4018108}.Debug|x86.Build.0 = Debug|Win32
		{C1242EAA-F056-4D0D-82B4-8DAFF4018108}.Release|x64.ActiveCfg = Release|x64
		{C1242EAA-F056-4D0D-82B4-8DAFF4018108}.Release|x64.Build.0 = Release|x64
		{C1242EAA-F056-4D0D-82B4-8DAFF4018108}.Release|x86.ActiveCfg = Release|Win32
		{C1242EAA-F056-4D0D-82B4-8DAFF4018108}.Release|x86.Build.0 = Release|Win32
		{F399D0EF-5DED-47CF-B836-9BA5645BD1D5}.Debug|x64.ActiveCfg = Debug|x64
		{F399D0EF-5DED-47CF-B836-9BA5645BD1D5}.Debug|x64.Build.0 = Debug|x64
		{F399D0EF-5DED-47CF-B836-9BA5645BD1D5}.Debug|x86.ActiveCfg = Debug|Win32
		{F399D0EF-5DED-47CF-B836-9BA5645BD1D5}.Debug|x86.Build.0 = Debug|Win32
		{F399D0EF-5DED-47CF-B836-9BA5645BD1D5}.Release|x64.ActiveCfg = Release|x64
		{F399D0EF-5DED-47CF-B836-9BA5645BD1D5}.Release|x64.Build.0 = Release|x64
		{F399D0EF-5DED-47CF-B836-9BA5645BD1D5}.Release|x86.ActiveCfg = Release|Win32
		{F399D0EF-5DED-47CF-B836-9BA5645BD1D5}.Release|x86.Build.0 = Release|Win32
	EndGlobalSection
	GlobalSection(SolutionProperties) = preSolution
		HideSolutionNode = FALSE
	EndGlobalSection
	GlobalSection(ExtensibilityGlobals) = postSolution
		SolutionGuid = {4F6E3803-1AE4-4F40-8F3B-1282232CE078}
	EndGlobalSection
EndGlobal
