
Microsoft Visual Studio Solution File, Format Version 12.00
# Visual Studio Version 16
VisualStudioVersion = 16.0.31129.286
MinimumVisualStudioVersion = 10.0.40219.1
Project("{FAE04EC0-301F-11D3-BF4B-00C04F79EFBC}") = "Automated_OpenFiles", "Automated_OpenFiles\Automated_OpenFiles.csproj", "{F8002FEA-3AA1-43E2-BA9D-3EB57F560BB7}"
EndProject
Project("{FAE04EC0-301F-11D3-BF4B-00C04F79EFBC}") = "Email_AttachmentExec", "Email_AttachmentExec\Email_AttachmentExec.csproj", "{E16BC925-AD44-42DC-BB96-29C205639D97}"
EndProject
Project("{FAE04EC0-301F-11D3-BF4B-00C04F79EFBC}") = "Kill_SuspectProcess", "Kill_SuspectProcess\Kill_SuspectProcess.csproj", "{84D0B229-CF63-46FB-82E3-ABD18FC24536}"
EndProject
Global
	GlobalSection(SolutionConfigurationPlatforms) = preSolution
		Debug|Any CPU = Debug|Any CPU
		Release|Any CPU = Release|Any CPU
	EndGlobalSection
	GlobalSection(ProjectConfigurationPlatforms) = postSolution
		{F8002FEA-3AA1-43E2-BA9D-3EB57F560BB7}.Debug|Any CPU.ActiveCfg = Debug|Any CPU
		{F8002FEA-3AA1-43E2-BA9D-3EB57F560BB7}.Debug|Any CPU.Build.0 = Debug|Any CPU
		{F8002FEA-3AA1-43E2-BA9D-3EB57F560BB7}.Release|Any CPU.ActiveCfg = Release|Any CPU
		{F8002FEA-3AA1-43E2-BA9D-3EB57F560BB7}.Release|Any CPU.Build.0 = Release|Any CPU
		{E16BC925-AD44-42DC-BB96-29C205639D97}.Debug|Any CPU.ActiveCfg = Debug|Any CPU
		{E16BC925-AD44-42DC-BB96-29C205639D97}.Debug|Any CPU.Build.0 = Debug|Any CPU
		{E16BC925-AD44-42DC-BB96-29C205639D97}.Release|Any CPU.ActiveCfg = Release|Any CPU
		{E16BC925-AD44-42DC-BB96-29C205639D97}.Release|Any CPU.Build.0 = Release|Any CPU
		{84D0B229-CF63-46FB-82E3-ABD18FC24536}.Debug|Any CPU.ActiveCfg = Debug|Any CPU
		{84D0B229-CF63-46FB-82E3-ABD18FC24536}.Debug|Any CPU.Build.0 = Debug|Any CPU
		{84D0B229-CF63-46FB-82E3-ABD18FC24536}.Release|Any CPU.ActiveCfg = Release|Any CPU
		{84D0B229-CF63-46FB-82E3-ABD18FC24536}.Release|Any CPU.Build.0 = Release|Any CPU
	EndGlobalSection
	GlobalSection(SolutionProperties) = preSolution
		HideSolutionNode = FALSE
	EndGlobalSection
	GlobalSection(ExtensibilityGlobals) = postSolution
		SolutionGuid = {89B7330C-2A54-4F0B-B5AC-10FC46232541}
	EndGlobalSection
EndGlobal
