
Microsoft Visual Studio Solution File, Format Version 12.00
# Visual Studio Version 16
VisualStudioVersion = 16.0.31205.134
MinimumVisualStudioVersion = 10.0.40219.1
Project("{FAE04EC0-301F-11D3-BF4B-00C04F79EFBC}") = "Stagged", "Stagged\Stagged.csproj", "{20991E96-A6C3-4DF1-9219-A59060E18781}"
EndProject
Global
	GlobalSection(SolutionConfigurationPlatforms) = preSolution
		Debug|Any CPU = Debug|Any CPU
		Release|Any CPU = Release|Any CPU
	EndGlobalSection
	GlobalSection(ProjectConfigurationPlatforms) = postSolution
		{20991E96-A6C3-4DF1-9219-A59060E18781}.Debug|Any CPU.ActiveCfg = Debug|Any CPU
		{20991E96-A6C3-4DF1-9219-A59060E18781}.Debug|Any CPU.Build.0 = Debug|Any CPU
		{20991E96-A6C3-4DF1-9219-A59060E18781}.Release|Any CPU.ActiveCfg = Release|Any CPU
		{20991E96-A6C3-4DF1-9219-A59060E18781}.Release|Any CPU.Build.0 = Release|Any CPU
	EndGlobalSection
	GlobalSection(SolutionProperties) = preSolution
		HideSolutionNode = FALSE
	EndGlobalSection
	GlobalSection(ExtensibilityGlobals) = postSolution
		SolutionGuid = {E5E122F3-1488-42DD-8B57-20C038AFBA92}
	EndGlobalSection
EndGlobal
